{
	"name": "editor",
	"version": "1.0.0",
	"lockfileVersion": 2,
	"requires": true,
	"packages": {
		"": {
			"version": "1.0.0",
			"license": "MIT",
			"dependencies": {
				"lodash": "^4.17.21",
				"mobx": "^6.3.2"
			},
			"devDependencies": {
				"@types/lodash": "^4.14.171",
				"@types/uuid": "^8.3.1"
			},
			"peerDependencies": {
				"react": ">=16.9.0",
				"react-dom": ">=16.9.0"
			}
		},
		"node_modules/@types/lodash": {
			"version": "4.14.172",
			"resolved": "https://npm.corp.kuaishou.com/@types%2flodash/-/lodash-4.14.172.tgz",
			"integrity": "sha1-qtd0wo57/Xpn3iVAjgPuWow9Aoo=",
			"dev": true,
			"license": "MIT"
		},
		"node_modules/@types/uuid": {
			"version": "8.3.1",
			"resolved": "https://npm.corp.kuaishou.com/@types%2fuuid/-/uuid-8.3.1.tgz",
			"integrity": "sha1-GjKWnPjwNks9jIr5zDVVt4Bd8U8=",
			"dev": true,
			"license": "MIT"
		},
		"node_modules/js-tokens": {
			"version": "4.0.0",
			"resolved": "https://npm.corp.kuaishou.com/js-tokens/-/js-tokens-4.0.0.tgz",
			"integrity": "sha1-GSA/tZmR35jjoocFDUZHzerzJJk=",
			"license": "MIT",
			"peer": true
		},
		"node_modules/lodash": {
			"version": "4.17.21",
			"resolved": "https://npm.corp.kuaishou.com/lodash/-/lodash-4.17.21.tgz",
			"integrity": "sha1-Z5WRxWTDv/quhFTPCz3zcMPWkRw=",
			"license": "MIT"
		},
		"node_modules/loose-envify": {
			"version": "1.4.0",
			"resolved": "https://npm.corp.kuaishou.com/loose-envify/-/loose-envify-1.4.0.tgz",
			"integrity": "sha1-ce5R+nvkyuwaY4OffmgtgTLTDK8=",
			"license": "MIT",
			"peer": true,
			"dependencies": {
				"js-tokens": "^3.0.0 || ^4.0.0"
			},
			"bin": {
				"loose-envify": "cli.js"
			}
		},
		"node_modules/mobx": {
			"version": "6.3.2",
			"resolved": "https://npm.corp.kuaishou.com/mobx/-/mobx-6.3.2.tgz",
			"integrity": "sha1-ElWQlh9wKlcsE5q2k5K+pBbS5Rs=",
			"license": "MIT",
			"funding": {
				"type": "opencollective",
				"url": "https://opencollective.com/mobx"
			}
		},
		"node_modules/object-assign": {
			"version": "4.1.1",
			"resolved": "https://npm.corp.kuaishou.com/object-assign/-/object-assign-4.1.1.tgz",
			"integrity": "sha1-IQmtx5ZYh8/AXLvUQsrIv7s2CGM=",
			"license": "MIT",
			"peer": true,
			"engines": {
				"node": ">=0.10.0"
			}
		},
		"node_modules/react": {
			"version": "17.0.2",
			"resolved": "https://npm.corp.kuaishou.com/react/-/react-17.0.2.tgz",
			"integrity": "sha1-0LXMUW0p6z7uOD91tihkz7aAADc=",
			"license": "MIT",
			"peer": true,
			"dependencies": {
				"loose-envify": "^1.1.0",
				"object-assign": "^4.1.1"
			},
			"engines": {
				"node": ">=0.10.0"
			}
		},
		"node_modules/react-dom": {
			"version": "17.0.2",
			"resolved": "https://npm.corp.kuaishou.com/react-dom/-/react-dom-17.0.2.tgz",
			"integrity": "sha1-7P+2hF462Nv83EmPDQqTlzZQLCM=",
			"license": "MIT",
			"peer": true,
			"dependencies": {
				"loose-envify": "^1.1.0",
				"object-assign": "^4.1.1",
				"scheduler": "^0.20.2"
			},
			"peerDependencies": {
				"react": "17.0.2"
			}
		},
		"node_modules/scheduler": {
			"version": "0.20.2",
			"resolved": "https://npm.corp.kuaishou.com/scheduler/-/scheduler-0.20.2.tgz",
			"integrity": "sha1-S67jlDbjSqk7SHS93L8P6Li1DpE=",
			"license": "MIT",
			"peer": true,
			"dependencies": {
				"loose-envify": "^1.1.0",
				"object-assign": "^4.1.1"
			}
		}
	},
	"dependencies": {
		"@types/lodash": {
			"version": "4.14.172",
			"resolved": "https://npm.corp.kuaishou.com/@types%2flodash/-/lodash-4.14.172.tgz",
			"integrity": "sha1-qtd0wo57/Xpn3iVAjgPuWow9Aoo=",
			"dev": true
		},
		"@types/uuid": {
			"version": "8.3.1",
			"resolved": "https://npm.corp.kuaishou.com/@types%2fuuid/-/uuid-8.3.1.tgz",
			"integrity": "sha1-GjKWnPjwNks9jIr5zDVVt4Bd8U8=",
			"dev": true
		},
		"js-tokens": {
			"version": "4.0.0",
			"resolved": "https://npm.corp.kuaishou.com/js-tokens/-/js-tokens-4.0.0.tgz",
			"integrity": "sha1-GSA/tZmR35jjoocFDUZHzerzJJk=",
			"peer": true
		},
		"lodash": {
			"version": "4.17.21",
			"resolved": "https://npm.corp.kuaishou.com/lodash/-/lodash-4.17.21.tgz",
			"integrity": "sha1-Z5WRxWTDv/quhFTPCz3zcMPWkRw="
		},
		"loose-envify": {
			"version": "1.4.0",
			"resolved": "https://npm.corp.kuaishou.com/loose-envify/-/loose-envify-1.4.0.tgz",
			"integrity": "sha1-ce5R+nvkyuwaY4OffmgtgTLTDK8=",
			"peer": true,
			"requires": {
				"js-tokens": "^3.0.0 || ^4.0.0"
			}
		},
		"mobx": {
			"version": "6.3.2",
			"resolved": "https://npm.corp.kuaishou.com/mobx/-/mobx-6.3.2.tgz",
			"integrity": "sha1-ElWQlh9wKlcsE5q2k5K+pBbS5Rs="
		},
		"object-assign": {
			"version": "4.1.1",
			"resolved": "https://npm.corp.kuaishou.com/object-assign/-/object-assign-4.1.1.tgz",
			"integrity": "sha1-IQmtx5ZYh8/AXLvUQsrIv7s2CGM=",
			"peer": true
		},
		"react": {
			"version": "17.0.2",
			"resolved": "https://npm.corp.kuaishou.com/react/-/react-17.0.2.tgz",
			"integrity": "sha1-0LXMUW0p6z7uOD91tihkz7aAADc=",
			"peer": true,
			"requires": {
				"loose-envify": "^1.1.0",
				"object-assign": "^4.1.1"
			}
		},
		"react-dom": {
			"version": "17.0.2",
			"resolved": "https://npm.corp.kuaishou.com/react-dom/-/react-dom-17.0.2.tgz",
			"integrity": "sha1-7P+2hF462Nv83EmPDQqTlzZQLCM=",
			"peer": true,
			"requires": {
				"loose-envify": "^1.1.0",
				"object-assign": "^4.1.1",
				"scheduler": "^0.20.2"
			}
		},
		"scheduler": {
			"version": "0.20.2",
			"resolved": "https://npm.corp.kuaishou.com/scheduler/-/scheduler-0.20.2.tgz",
			"integrity": "sha1-S67jlDbjSqk7SHS93L8P6Li1DpE=",
			"peer": true,
			"requires": {
				"loose-envify": "^1.1.0",
				"object-assign": "^4.1.1"
			}
		}
	}
}
