# THIS IS AN AUTOGENERATED FILE. DO NOT EDIT THIS FILE DIRECTLY.
# yarn lockfile v1


"@types/lodash@^4.14.171":
  version "4.14.172"
  resolved "https://npm.corp.kuaishou.com/@types%2flodash/-/lodash-4.14.172.tgz#aad774c28e7bfd7a67de25408e03ee5a8c3d028a"
  integrity sha1-qtd0wo57/Xpn3iVAjgPuWow9Aoo=

"@types/uuid@^8.3.1":
  version "8.3.1"
  resolved "https://npm.corp.kuaishou.com/@types%2fuuid/-/uuid-8.3.1.tgz#1a32969cf8f0364b3d8c8af9cc3555b7805df14f"
  integrity sha1-GjKWnPjwNks9jIr5zDVVt4Bd8U8=

lodash@^4.17.21:
  version "4.17.21"
  resolved "https://npm.corp.kuaishou.com/lodash/-/lodash-4.17.21.tgz#679591c564c3bffaae8454cf0b3df370c3d6911c"
  integrity sha1-Z5WRxWTDv/quhFTPCz3zcMPWkRw=

mobx@^6.3.2:
  version "6.3.2"
  resolved "https://npm.corp.kuaishou.com/mobx/-/mobx-6.3.2.tgz#125590961f702a572c139ab69392bea416d2e51b"
  integrity sha1-ElWQlh9wKlcsE5q2k5K+pBbS5Rs=
